
Microsoft Visual Studio Solution File, Format Version 12.00
# Visual Studio Version 16
VisualStudioVersion = 16.0.30114.105
MinimumVisualStudioVersion = 10.0.40219.1
Project("{9A19103F-16F7-4668-BE54-9A1E7A4F7556}") = "NetSalaryCalculator", "NetSalaryCalculator\NetSalaryCalculator.csproj", "{9149008B-4553-4933-81FB-69CCFF6797F8}"
EndProject
Project("{2150E333-8FDC-42A3-9474-1A3956D46DE8}") = "Solution Items", "Solution Items", "{0BF06407-212E-4D23-B08D-92A279E9102E}"
	ProjectSection(SolutionItems) = preProject
		.editorconfig = .editorconfig
		.gitignore = .gitignore
	EndProjectSection
EndProject
Project("{9A19103F-16F7-4668-BE54-9A1E7A4F7556}") = "NetSalaryCalculator.Service", "NetSalaryCalculator.Service\NetSalaryCalculator.Service.csproj", "{B30B17FD-8210-47AD-82C9-DF10B5A0FD74}"
EndProject
Project("{9A19103F-16F7-4668-BE54-9A1E7A4F7556}") = "NetSalaryCalculator.Test", "NetSalaryCalculator.Test\NetSalaryCalculator.Test.csproj", "{D43D8AE5-9907-4881-8CBA-47B7A23A8B70}"
EndProject
Global
	GlobalSection(SolutionConfigurationPlatforms) = preSolution
		Debug|Any CPU = Debug|Any CPU
		Release|Any CPU = Release|Any CPU
	EndGlobalSection
	GlobalSection(ProjectConfigurationPlatforms) = postSolution
		{9149008B-4553-4933-81FB-69CCFF6797F8}.Debug|Any CPU.ActiveCfg = Debug|Any CPU
		{9149008B-4553-4933-81FB-69CCFF6797F8}.Debug|Any CPU.Build.0 = Debug|Any CPU
		{9149008B-4553-4933-81FB-69CCFF6797F8}.Release|Any CPU.ActiveCfg = Release|Any CPU
		{9149008B-4553-4933-81FB-69CCFF6797F8}.Release|Any CPU.Build.0 = Release|Any CPU
		{B30B17FD-8210-47AD-82C9-DF10B5A0FD74}.Debug|Any CPU.ActiveCfg = Debug|Any CPU
		{B30B17FD-8210-47AD-82C9-DF10B5A0FD74}.Debug|Any CPU.Build.0 = Debug|Any CPU
		{B30B17FD-8210-47AD-82C9-DF10B5A0FD74}.Release|Any CPU.ActiveCfg = Release|Any CPU
		{B30B17FD-8210-47AD-82C9-DF10B5A0FD74}.Release|Any CPU.Build.0 = Release|Any CPU
		{D43D8AE5-9907-4881-8CBA-47B7A23A8B70}.Debug|Any CPU.ActiveCfg = Debug|Any CPU
		{D43D8AE5-9907-4881-8CBA-47B7A23A8B70}.Debug|Any CPU.Build.0 = Debug|Any CPU
		{D43D8AE5-9907-4881-8CBA-47B7A23A8B70}.Release|Any CPU.ActiveCfg = Release|Any CPU
		{D43D8AE5-9907-4881-8CBA-47B7A23A8B70}.Release|Any CPU.Build.0 = Release|Any CPU
	EndGlobalSection
	GlobalSection(SolutionProperties) = preSolution
		HideSolutionNode = FALSE
	EndGlobalSection
	GlobalSection(ExtensibilityGlobals) = postSolution
		SolutionGuid = {093D17DB-E6E9-464A-BCBB-43000A3772A4}
	EndGlobalSection
EndGlobal
